lockfileVersion: '9.0'

settings:
  autoInstallPeers: true
  excludeLinksFromLockfile: false

importers:

  .:
    devDependencies:
      '@melt-ui/pp':
        specifier: ^0.3.2
        version: 0.3.2(@melt-ui/svelte@0.86.4(svelte@5.23.0))(svelte@5.23.0)
      '@melt-ui/svelte':
        specifier: ^0.86.4
        version: 0.86.4(svelte@5.23.0)

packages:

  '@ampproject/remapping@2.3.0':
    resolution: {integrity: sha512-30iZtAPgz+LTIYoeivqYo853f02jBYSd5uGnGpkFV0M3xOt9aN73erkgYAmZU43x4VfqcnLxW9Kpg3R5LC4YYw==}
    engines: {node: '>=6.0.0'}

  '@floating-ui/core@1.6.9':
    resolution: {integrity: sha512-uMXCuQ3BItDUbAMhIXw7UPXRfAlOAvZzdK9BWpE60MCn+Svt3aLn9jsPTi/WNGlRUu2uI0v5S7JiIUsbsvh3fw==}

  '@floating-ui/dom@1.6.13':
    resolution: {integrity: sha512-umqzocjDgNRGTuO7Q8CU32dkHkECqI8ZdMZ5Swb6QAM0t5rnlrN3lGo1hdpscRd3WS8T6DKYK4ephgIH9iRh3w==}

  '@floating-ui/utils@0.2.9':
    resolution: {integrity: sha512-MDWhGtE+eHw5JW7lq4qhc5yRLS11ERl1c7Z6Xd0a58DozHES6EnNNwUWbMiG4J9Cgj053Bhk8zvlhFYKVhULwg==}

  '@internationalized/date@3.7.0':
    resolution: {integrity: sha512-VJ5WS3fcVx0bejE/YHfbDKR/yawZgKqn/if+oEeLqNwBtPzVB06olkfcnojTmEMX+gTpH+FlQ69SHNitJ8/erQ==}

  '@jridgewell/gen-mapping@0.3.8':
    resolution: {integrity: sha512-imAbBGkb+ebQyxKgzv5Hu2nmROxoDOXHh80evxdoXNOrvAnVx7zimzc1Oo5h9RlfV4vPXaE2iM5pOFbvOCClWA==}
    engines: {node: '>=6.0.0'}

  '@jridgewell/resolve-uri@3.1.2':
    resolution: {integrity: sha512-bRISgCIjP20/tbWSPWMEi54QVPRZExkuD9lJL+UIxUKtwVJA8wW1Trb1jMs1RFXo1CBTNZ/5hpC9QvmKWdopKw==}
    engines: {node: '>=6.0.0'}

  '@jridgewell/set-array@1.2.1':
    resolution: {integrity: sha512-R8gLRTZeyp03ymzP/6Lil/28tGeGEzhx1q2k703KGWRAI1VdvPIXdG70VJc2pAMw3NA6JKL5hhFu1sJX0Mnn/A==}
    engines: {node: '>=6.0.0'}

  '@jridgewell/sourcemap-codec@1.5.0':
    resolution: {integrity: sha512-gv3ZRaISU3fjPAgNsriBRqGWQL6quFx04YMPW/zD8XMLsU32mhCCbfbO6KZFLjvYpCZ8zyDEgqsgf+PwPaM7GQ==}

  '@jridgewell/trace-mapping@0.3.25':
    resolution: {integrity: sha512-vNk6aEwybGtawWmy/PzwnGDOjCkLWSD2wqvjGGAgOAwCGWySYXfYoxt00IJkTF+8Lb57DwOb3Aa0o9CApepiYQ==}

  '@melt-ui/pp@0.3.2':
    resolution: {integrity: sha512-xKkPvaIAFinklLXcQOpwZ8YSpqAFxykjWf8Y/fSJQwsixV/0rcFs07hJ49hJjPy5vItvw5Qa0uOjzFUbXzBypQ==}
    peerDependencies:
      '@melt-ui/svelte': '>= 0.29.0'
      svelte: ^3.55.0 || ^4.0.0 || ^5.0.0-next.1

  '@melt-ui/svelte@0.86.4':
    resolution: {integrity: sha512-qFagx5z8ccs5SurHaq0f5v/91d5E/5MY+3B3MbstTKGR9wLcpbw3tq5B20LIO9lSxTgUhbOgoU0QsUvqIcEVEw==}
    peerDependencies:
      svelte: ^3.0.0 || ^4.0.0 || ^5.0.0-next.118

  '@sveltejs/acorn-typescript@1.0.5':
    resolution: {integrity: sha512-IwQk4yfwLdibDlrXVE04jTZYlLnwsTT2PIOQQGNLWfjavGifnk1JD1LcZjZaBTRcxZu2FfPfNLOE04DSu9lqtQ==}
    peerDependencies:
      acorn: ^8.9.0

  '@swc/helpers@0.5.15':
    resolution: {integrity: sha512-JQ5TuMi45Owi4/BIMAJBoSQoOJu12oOk/gADqlcUL9JEdHB8vyjUSsxqeNXnmXHjYKMi2WcYtezGEEhqUI/E2g==}

  '@types/estree@1.0.6':
    resolution: {integrity: sha512-AYnb1nQyY49te+VRAVgmzfcgjYS91mY5P0TKUDCLEM+gNnA+3T6rWITXRLYCpahpqSQbN5cE+gHpnPyXjHWxcw==}

  acorn@8.14.1:
    resolution: {integrity: sha512-OvQ/2pUDKmgfCg++xsTX1wGxfTaszcHVcTctW4UJB4hibJx2HXxxO5UmVgyjMa+ZDsiaf5wWLXYpRWMmBI0QHg==}
    engines: {node: '>=0.4.0'}
    hasBin: true

  aria-query@5.3.2:
    resolution: {integrity: sha512-COROpnaoap1E2F000S62r6A60uHZnmlvomhfyT2DlTcrY1OrBKn2UhH7qn5wTC9zMvD0AY7csdPSNwKP+7WiQw==}
    engines: {node: '>= 0.4'}

  axobject-query@4.1.0:
    resolution: {integrity: sha512-qIj0G9wZbMGNLjLmg1PT6v2mE9AH2zlnADJD/2tC6E00hgmhUOfEB6greHPAfLRSufHqROIUTkw6E+M3lH0PTQ==}
    engines: {node: '>= 0.4'}

  clsx@2.1.1:
    resolution: {integrity: sha512-eYm0QWBtUrBWZWG0d386OGAw16Z995PiOVo2B7bjWSbHedGl5e0ZWaq65kOGgUSNesEIDkB9ISbTg/JK9dhCZA==}
    engines: {node: '>=6'}

  dequal@2.0.3:
    resolution: {integrity: sha512-0je+qPKHEMohvfRTCEo3CrPG6cAzAYgmzKyxRiYSSDkS6eGJdyVJm7WaYA5ECaAD9wLB2T4EEeymA5aFVcYXCA==}
    engines: {node: '>=6'}

  esm-env@1.2.2:
    resolution: {integrity: sha512-Epxrv+Nr/CaL4ZcFGPJIYLWFom+YeV1DqMLHJoEd9SYRxNbaFruBwfEX/kkHUJf55j2+TUbmDcmuilbP1TmXHA==}

  esrap@1.4.5:
    resolution: {integrity: sha512-CjNMjkBWWZeHn+VX+gS8YvFwJ5+NDhg8aWZBSFJPR8qQduDNjbJodA2WcwCm7uQa5Rjqj+nZvVmceg1RbHFB9g==}

  estree-walker@3.0.3:
    resolution: {integrity: sha512-7RUKfXgSMMkzt6ZuXmqapOurLGPPfgj6l9uRZ7lRGolvk0y2yocc35LdcxKC5PQZdn2DMqioAQ2NoWcrTKmm6g==}

  focus-trap@7.6.4:
    resolution: {integrity: sha512-xx560wGBk7seZ6y933idtjJQc1l+ck+pI3sKvhKozdBV1dRZoKhkW5xoCaFv9tQiX5RH1xfSxjuNu6g+lmN/gw==}

  is-reference@3.0.3:
    resolution: {integrity: sha512-ixkJoqQvAP88E6wLydLGGqCJsrFUnqoH6HnaczB8XmDH1oaWU+xxdptvikTgaEhtZ53Ky6YXiBuUI2WXLMCwjw==}

  locate-character@3.0.0:
    resolution: {integrity: sha512-SW13ws7BjaeJ6p7Q6CO2nchbYEc3X3J6WrmTTDto7yMPqVSZTUyY5Tjbid+Ab8gLnATtygYtiDIJGQRRn2ZOiA==}

  magic-string@0.30.17:
    resolution: {integrity: sha512-sNPKHvyjVf7gyjwS4xGTaW/mCnF8wnjtifKBEhxfZ7E/S8tQ0rssrwGNn6q8JH/ohItJfSQp9mBtQYuTlH5QnA==}

  nanoid@5.1.4:
    resolution: {integrity: sha512-GTFcMIDgR7tqji/LpSY8rtg464VnJl/j6ypoehYnuGb+Y8qZUdtKB8WVCXon0UEZgFDbuUxpIl//6FHLHgXSNA==}
    engines: {node: ^18 || >=20}
    hasBin: true

  svelte@5.23.0:
    resolution: {integrity: sha512-v0lL3NuKontiCxholEiAXCB+BYbndlKbwlDMK0DS86WgGELMJSpyqCSbJeMEMBDwOglnS7Ar2Rq0wwa/z2L8Vg==}
    engines: {node: '>=18'}

  tabbable@6.2.0:
    resolution: {integrity: sha512-Cat63mxsVJlzYvN51JmVXIgNoUokrIaT2zLclCXjRd8boZ0004U4KCs/sToJ75C6sdlByWxpYnb5Boif1VSFew==}

  tslib@2.8.1:
    resolution: {integrity: sha512-oJFu94HQb+KVduSUQL7wnpmqnfmLsOA/nAh6b6EH0wCEoK0/mPeXU6c3wKDV83MkOuHPRHtSXKKU99IBazS/2w==}

  zimmerframe@1.1.2:
    resolution: {integrity: sha512-rAbqEGa8ovJy4pyBxZM70hg4pE6gDgaQ0Sl9M3enG3I0d6H4XSAM3GeNGLKnsBpuijUow064sf7ww1nutC5/3w==}

snapshots:

  '@ampproject/remapping@2.3.0':
    dependencies:
      '@jridgewell/gen-mapping': 0.3.8
      '@jridgewell/trace-mapping': 0.3.25

  '@floating-ui/core@1.6.9':
    dependencies:
      '@floating-ui/utils': 0.2.9

  '@floating-ui/dom@1.6.13':
    dependencies:
      '@floating-ui/core': 1.6.9
      '@floating-ui/utils': 0.2.9

  '@floating-ui/utils@0.2.9': {}

  '@internationalized/date@3.7.0':
    dependencies:
      '@swc/helpers': 0.5.15

  '@jridgewell/gen-mapping@0.3.8':
    dependencies:
      '@jridgewell/set-array': 1.2.1
      '@jridgewell/sourcemap-codec': 1.5.0
      '@jridgewell/trace-mapping': 0.3.25

  '@jridgewell/resolve-uri@3.1.2': {}

  '@jridgewell/set-array@1.2.1': {}

  '@jridgewell/sourcemap-codec@1.5.0': {}

  '@jridgewell/trace-mapping@0.3.25':
    dependencies:
      '@jridgewell/resolve-uri': 3.1.2
      '@jridgewell/sourcemap-codec': 1.5.0

  '@melt-ui/pp@0.3.2(@melt-ui/svelte@0.86.4(svelte@5.23.0))(svelte@5.23.0)':
    dependencies:
      '@melt-ui/svelte': 0.86.4(svelte@5.23.0)
      estree-walker: 3.0.3
      magic-string: 0.30.17
      svelte: 5.23.0

  '@melt-ui/svelte@0.86.4(svelte@5.23.0)':
    dependencies:
      '@floating-ui/core': 1.6.9
      '@floating-ui/dom': 1.6.13
      '@internationalized/date': 3.7.0
      dequal: 2.0.3
      focus-trap: 7.6.4
      nanoid: 5.1.4
      svelte: 5.23.0

  '@sveltejs/acorn-typescript@1.0.5(acorn@8.14.1)':
    dependencies:
      acorn: 8.14.1

  '@swc/helpers@0.5.15':
    dependencies:
      tslib: 2.8.1

  '@types/estree@1.0.6': {}

  acorn@8.14.1: {}

  aria-query@5.3.2: {}

  axobject-query@4.1.0: {}

  clsx@2.1.1: {}

  dequal@2.0.3: {}

  esm-env@1.2.2: {}

  esrap@1.4.5:
    dependencies:
      '@jridgewell/sourcemap-codec': 1.5.0

  estree-walker@3.0.3:
    dependencies:
      '@types/estree': 1.0.6

  focus-trap@7.6.4:
    dependencies:
      tabbable: 6.2.0

  is-reference@3.0.3:
    dependencies:
      '@types/estree': 1.0.6

  locate-character@3.0.0: {}

  magic-string@0.30.17:
    dependencies:
      '@jridgewell/sourcemap-codec': 1.5.0

  nanoid@5.1.4: {}

  svelte@5.23.0:
    dependencies:
      '@ampproject/remapping': 2.3.0
      '@jridgewell/sourcemap-codec': 1.5.0
      '@sveltejs/acorn-typescript': 1.0.5(acorn@8.14.1)
      '@types/estree': 1.0.6
      acorn: 8.14.1
      aria-query: 5.3.2
      axobject-query: 4.1.0
      clsx: 2.1.1
      esm-env: 1.2.2
      esrap: 1.4.5
      is-reference: 3.0.3
      locate-character: 3.0.0
      magic-string: 0.30.17
      zimmerframe: 1.1.2

  tabbable@6.2.0: {}

  tslib@2.8.1: {}

  zimmerframe@1.1.2: {}
